{
	"name": "@cognativ-inc/keycloak-admin-client",
	"version": "24.0.2",
	"lockfileVersion": 3,
	"requires": true,
	"packages": {
		"": {
			"name": "@cognativ-inc/keycloak-admin-client",
			"version": "24.0.2",
			"dependencies": {
				"@keycloak/keycloak-admin-client": "23.0.4" // Downgraded version
			},
			"devDependencies": {
				"esbuild": "0.20.2"
			}
		},
		
	}
}
